// !$*UTF8*$!
{
	archiveVersion = 1;
	classes = {
	};
	objectVersion = 46;
	objects = {

/* Begin PBXBuildFile section */
		0FAF5913EF533EC7C0CDC103D4344C13 /* LaunchScreen.storyboard in Resources */ = {isa = PBXBuildFile; fileRef = 255F3EFDFE70B9EB698EAC454421409E /* LaunchScreen.storyboard */; };
		1DF5DF7F36BC1435E15B02A8002467F9 /* Main.storyboard in Resources */ = {isa = PBXBuildFile; fileRef = BA337C630C2F1D92E182CE150373C090 /* Main.storyboard */; };
		251420086869E99FAD0911C8E7DFA907 /* Main.storyboard in Resources */ = {isa = PBXBuildFile; fileRef = 9B1BFB8729693412184D696FE7A92CC9 /* Main.storyboard */; };
		27EF2B53915DC7C0EEDF6AD7 /* Pods_Common_iOS_BeaconKitSample.framework in Frameworks */ = {isa = PBXBuildFile; fileRef = A59DEBC3482A099F30BE3DAF /* Pods_Common_iOS_BeaconKitSample.framework */; };
		31A885EF214D58766225A4789E2A1051 /* ViewController.swift in Sources */ = {isa = PBXBuildFile; fileRef = 764776738EE523A5389C7EA7B1B6B923 /* ViewController.swift */; };
		5181AD69110ECF885BB7FEEC /* Pods_Common_macOS_Beaconator.framework in Frameworks */ = {isa = PBXBuildFile; fileRef = 1EE48509AB7D4A7AE7C13AD5 /* Pods_Common_macOS_Beaconator.framework */; };
		5E10C6BFC7CB5810DDA074B77AFB0A82 /* Assets.xcassets in Resources */ = {isa = PBXBuildFile; fileRef = AABBA39C5CAFBB25C8D35D7BEBA02383 /* Assets.xcassets */; };
		69FD464351D5E1B6B87198103CFAD9D6 /* Assets.xcassets in Resources */ = {isa = PBXBuildFile; fileRef = 6C62ACC99E1E7108765E47F4A3D05467 /* Assets.xcassets */; };
		6C28A2C645745A3011400DC3B78C3ADC /* AppDelegate.swift in Sources */ = {isa = PBXBuildFile; fileRef = 8CD3252F492878F7107476B362CE666C /* AppDelegate.swift */; };
		7ECD182B19C5D2EB9057A1EB8AB76833 /* main.m in Sources */ = {isa = PBXBuildFile; fileRef = 654F7F1B768E28FA38BB68AF5310EEC9 /* main.m */; };
		8CDCA5527EB9A56F9A1095C5B2DA502D /* LaunchScreen.storyboard in Resources */ = {isa = PBXBuildFile; fileRef = 803EFC6B427D20D4A61AD319FC4640AC /* LaunchScreen.storyboard */; };
		8EE740D698AAC9DEA9667291 /* Pods_Common_iOS_BeaconKitSampleObjC.framework in Frameworks */ = {isa = PBXBuildFile; fileRef = 26FBB545395E6A3FE0CA3006 /* Pods_Common_iOS_BeaconKitSampleObjC.framework */; };
		924D836F6511794DE69AA51B931FA2ED /* ViewController.m in Sources */ = {isa = PBXBuildFile; fileRef = 2C38DA49F4E06DFEEBEB70891D78122D /* ViewController.m */; };
		9EC22D7E64565461AC2F2E357E9DE8AA /* AppDelegate.swift in Sources */ = {isa = PBXBuildFile; fileRef = A3A1D8793D36CD078AAE5E1B2DEEA520 /* AppDelegate.swift */; };
		A7FA3147746CB49B512B29A04954C70E /* Main.storyboard in Resources */ = {isa = PBXBuildFile; fileRef = 06BC091FEF3FBEC3CE4D5CF978F2FF2A /* Main.storyboard */; };
		E8A705121930A428B499EDA9347FC263 /* Assets.xcassets in Resources */ = {isa = PBXBuildFile; fileRef = FB44D5F1CE43D5F22C1603B68295D41C /* Assets.xcassets */; };
		EBD476FFEEA8EFC067A6658DBE330331 /* AppDelegate.m in Sources */ = {isa = PBXBuildFile; fileRef = DC83B34950059C1B765C18D50DB93FAA /* AppDelegate.m */; };
		F11C668BEA6FAC42306319C877ED7FE3 /* ViewController.swift in Sources */ = {isa = PBXBuildFile; fileRef = 95640EFC2EBB0CBC3E15B072E2F85294 /* ViewController.swift */; };
/* End PBXBuildFile section */

/* Begin PBXFileReference section */
		0C94F77F17E2936F5C137AAA36F72B78 /* Info.plist */ = {isa = PBXFileReference; lastKnownFileType = text.plist.xml; path = Info.plist; sourceTree = "<group>"; };
		165E6E970F5937835AE4BCBA /* Pods-Common-macOS-Beaconator.debug.xcconfig */ = {isa = PBXFileReference; includeInIndex = 1; lastKnownFileType = text.xcconfig; name = "Pods-Common-macOS-Beaconator.debug.xcconfig"; path = "Pods/Target Support Files/Pods-Common-macOS-Beaconator/Pods-Common-macOS-Beaconator.debug.xcconfig"; sourceTree = "<group>"; };
		1EE402A5566579E9D6602C462B45A998 /* Base */ = {isa = PBXFileReference; lastKnownFileType = file.storyboard; name = Base; path = Base.lproj/LaunchScreen.storyboard; sourceTree = "<group>"; };
		1EE48509AB7D4A7AE7C13AD5 /* Pods_Common_macOS_Beaconator.framework */ = {isa = PBXFileReference; explicitFileType = wrapper.framework; includeInIndex = 0; path = Pods_Common_macOS_Beaconator.framework; sourceTree = BUILT_PRODUCTS_DIR; };
		26FBB545395E6A3FE0CA3006 /* Pods_Common_iOS_BeaconKitSampleObjC.framework */ = {isa = PBXFileReference; explicitFileType = wrapper.framework; includeInIndex = 0; path = Pods_Common_iOS_BeaconKitSampleObjC.framework; sourceTree = BUILT_PRODUCTS_DIR; };
		2C38DA49F4E06DFEEBEB70891D78122D /* ViewController.m */ = {isa = PBXFileReference; lastKnownFileType = sourcecode.c.objc; path = ViewController.m; sourceTree = "<group>"; };
		32554F4869956D05379E0415EFB61AA6 /* BeaconKitSampleObjC.app */ = {isa = PBXFileReference; explicitFileType = wrapper.application; includeInIndex = 0; path = BeaconKitSampleObjC.app; sourceTree = BUILT_PRODUCTS_DIR; };
		340281BCE3F232EE09953D7A290B75DE /* Beaconator.entitlements */ = {isa = PBXFileReference; lastKnownFileType = text.plist.entitlements; path = Beaconator.entitlements; sourceTree = "<group>"; };
		35DAB0F1202FB13F863669624C41B39A /* BeaconKitSample.app */ = {isa = PBXFileReference; explicitFileType = wrapper.application; includeInIndex = 0; path = BeaconKitSample.app; sourceTree = BUILT_PRODUCTS_DIR; };
		654F7F1B768E28FA38BB68AF5310EEC9 /* main.m */ = {isa = PBXFileReference; lastKnownFileType = sourcecode.c.objc; path = main.m; sourceTree = "<group>"; };
		69E15D6E1BB6CF82A57261E7CACC5EBA /* ViewController.h */ = {isa = PBXFileReference; lastKnownFileType = sourcecode.c.h; path = ViewController.h; sourceTree = "<group>"; };
		6C62ACC99E1E7108765E47F4A3D05467 /* Assets.xcassets */ = {isa = PBXFileReference; lastKnownFileType = folder.assetcatalog; path = Assets.xcassets; sourceTree = "<group>"; };
		764776738EE523A5389C7EA7B1B6B923 /* ViewController.swift */ = {isa = PBXFileReference; fileEncoding = 4; lastKnownFileType = sourcecode.swift; path = ViewController.swift; sourceTree = "<group>"; };
		813260B325E227830C43398F /* Pods-Common-iOS-BeaconKitSample.debug.xcconfig */ = {isa = PBXFileReference; includeInIndex = 1; lastKnownFileType = text.xcconfig; name = "Pods-Common-iOS-BeaconKitSample.debug.xcconfig"; path = "Pods/Target Support Files/Pods-Common-iOS-BeaconKitSample/Pods-Common-iOS-BeaconKitSample.debug.xcconfig"; sourceTree = "<group>"; };
		83F7CF88C3F45AB3FF0BB4F8 /* Pods-Common-iOS-BeaconKitSample.release.xcconfig */ = {isa = PBXFileReference; includeInIndex = 1; lastKnownFileType = text.xcconfig; name = "Pods-Common-iOS-BeaconKitSample.release.xcconfig"; path = "Pods/Target Support Files/Pods-Common-iOS-BeaconKitSample/Pods-Common-iOS-BeaconKitSample.release.xcconfig"; sourceTree = "<group>"; };
		8A74CAB46818993EF777F15BDE4CFA56 /* Info.plist */ = {isa = PBXFileReference; fileEncoding = 4; lastKnownFileType = text.plist.xml; path = Info.plist; sourceTree = "<group>"; };
		8CD3252F492878F7107476B362CE666C /* AppDelegate.swift */ = {isa = PBXFileReference; fileEncoding = 4; lastKnownFileType = sourcecode.swift; path = AppDelegate.swift; sourceTree = "<group>"; };
		95640EFC2EBB0CBC3E15B072E2F85294 /* ViewController.swift */ = {isa = PBXFileReference; lastKnownFileType = sourcecode.swift; path = ViewController.swift; sourceTree = "<group>"; };
		9793E64364A62C9FE4DCDF8C /* Pods-Common-macOS-Beaconator.release.xcconfig */ = {isa = PBXFileReference; includeInIndex = 1; lastKnownFileType = text.xcconfig; name = "Pods-Common-macOS-Beaconator.release.xcconfig"; path = "Pods/Target Support Files/Pods-Common-macOS-Beaconator/Pods-Common-macOS-Beaconator.release.xcconfig"; sourceTree = "<group>"; };
		9B01D00A8DA8F13EF17C2051E4DDF479 /* Base */ = {isa = PBXFileReference; lastKnownFileType = file.storyboard; name = Base; path = Base.lproj/Main.storyboard; sourceTree = "<group>"; };
		9DC5436E9B28550371ED0D711E80B32B /* Base */ = {isa = PBXFileReference; lastKnownFileType = file.storyboard; name = Base; path = Base.lproj/Main.storyboard; sourceTree = "<group>"; };
		A3A1D8793D36CD078AAE5E1B2DEEA520 /* AppDelegate.swift */ = {isa = PBXFileReference; lastKnownFileType = sourcecode.swift; path = AppDelegate.swift; sourceTree = "<group>"; };
		A59DEBC3482A099F30BE3DAF /* Pods_Common_iOS_BeaconKitSample.framework */ = {isa = PBXFileReference; explicitFileType = wrapper.framework; includeInIndex = 0; path = Pods_Common_iOS_BeaconKitSample.framework; sourceTree = BUILT_PRODUCTS_DIR; };
		AABBA39C5CAFBB25C8D35D7BEBA02383 /* Assets.xcassets */ = {isa = PBXFileReference; lastKnownFileType = folder.assetcatalog; path = Assets.xcassets; sourceTree = "<group>"; };
		B9C314001FD02E417963E73949EFBC4A /* Info.plist */ = {isa = PBXFileReference; lastKnownFileType = text.plist.xml; path = Info.plist; sourceTree = "<group>"; };
		BF34AC40A7FA9135C4F850BBCD6788E3 /* Base */ = {isa = PBXFileReference; lastKnownFileType = file.storyboard; name = Base; path = Base.lproj/LaunchScreen.storyboard; sourceTree = "<group>"; };
		C75B2FA2D389D0CD55D5E864D11BAA9A /* Beaconator.app */ = {isa = PBXFileReference; explicitFileType = wrapper.application; includeInIndex = 0; path = Beaconator.app; sourceTree = BUILT_PRODUCTS_DIR; };
		CA3AE273BD83E30A5B7CE0EF /* Pods-Common-iOS-BeaconKitSampleObjC.release.xcconfig */ = {isa = PBXFileReference; includeInIndex = 1; lastKnownFileType = text.xcconfig; name = "Pods-Common-iOS-BeaconKitSampleObjC.release.xcconfig"; path = "Pods/Target Support Files/Pods-Common-iOS-BeaconKitSampleObjC/Pods-Common-iOS-BeaconKitSampleObjC.release.xcconfig"; sourceTree = "<group>"; };
		D4BE61BB44A46ED3974D00112FFF55F4 /* AppDelegate.h */ = {isa = PBXFileReference; lastKnownFileType = sourcecode.c.h; path = AppDelegate.h; sourceTree = "<group>"; };
		DC83B34950059C1B765C18D50DB93FAA /* AppDelegate.m */ = {isa = PBXFileReference; lastKnownFileType = sourcecode.c.objc; path = AppDelegate.m; sourceTree = "<group>"; };
		E219E3ED95526C8A86401804 /* Pods-Common-iOS-BeaconKitSampleObjC.debug.xcconfig */ = {isa = PBXFileReference; includeInIndex = 1; lastKnownFileType = text.xcconfig; name = "Pods-Common-iOS-BeaconKitSampleObjC.debug.xcconfig"; path = "Pods/Target Support Files/Pods-Common-iOS-BeaconKitSampleObjC/Pods-Common-iOS-BeaconKitSampleObjC.debug.xcconfig"; sourceTree = "<group>"; };
		EE91D1C717F44383B2CAA076F59052A1 /* Base.xcconfig */ = {isa = PBXFileReference; lastKnownFileType = text.xcconfig; path = Base.xcconfig; sourceTree = "<group>"; };
		FB40718EBBA84234F7EBEC96F7B1C782 /* Base */ = {isa = PBXFileReference; lastKnownFileType = file.storyboard; name = Base; path = Base.lproj/Main.storyboard; sourceTree = "<group>"; };
		FB44D5F1CE43D5F22C1603B68295D41C /* Assets.xcassets */ = {isa = PBXFileReference; lastKnownFileType = folder.assetcatalog; path = Assets.xcassets; sourceTree = "<group>"; };
/* End PBXFileReference section */

/* Begin PBXFrameworksBuildPhase section */
		188B6DB0F3808F5BCBA86453C4B73B1F /* Frameworks */ = {
			isa = PBXFrameworksBuildPhase;
			buildActionMask = 2147483647;
			files = (
				8EE740D698AAC9DEA9667291 /* Pods_Common_iOS_BeaconKitSampleObjC.framework in Frameworks */,
			);
			runOnlyForDeploymentPostprocessing = 0;
		};
		BE45C52CC371AA3CF2250EF59E143AD5 /* Frameworks */ = {
			isa = PBXFrameworksBuildPhase;
			buildActionMask = 2147483647;
			files = (
				27EF2B53915DC7C0EEDF6AD7 /* Pods_Common_iOS_BeaconKitSample.framework in Frameworks */,
			);
			runOnlyForDeploymentPostprocessing = 0;
		};
		C5C05CBFC704A222100AF02B494F49DA /* Frameworks */ = {
			isa = PBXFrameworksBuildPhase;
			buildActionMask = 2147483647;
			files = (
				5181AD69110ECF885BB7FEEC /* Pods_Common_macOS_Beaconator.framework in Frameworks */,
			);
			runOnlyForDeploymentPostprocessing = 0;
		};
/* End PBXFrameworksBuildPhase section */

/* Begin PBXGroup section */
		698E0DE8851837A1DA97AFBC1D1F36BE /* BeaconKitSampleObjC */ = {
			isa = PBXGroup;
			children = (
				D4BE61BB44A46ED3974D00112FFF55F4 /* AppDelegate.h */,
				DC83B34950059C1B765C18D50DB93FAA /* AppDelegate.m */,
				AABBA39C5CAFBB25C8D35D7BEBA02383 /* Assets.xcassets */,
				0C94F77F17E2936F5C137AAA36F72B78 /* Info.plist */,
				255F3EFDFE70B9EB698EAC454421409E /* LaunchScreen.storyboard */,
				06BC091FEF3FBEC3CE4D5CF978F2FF2A /* Main.storyboard */,
				69E15D6E1BB6CF82A57261E7CACC5EBA /* ViewController.h */,
				2C38DA49F4E06DFEEBEB70891D78122D /* ViewController.m */,
				654F7F1B768E28FA38BB68AF5310EEC9 /* main.m */,
			);
			path = BeaconKitSampleObjC;
			sourceTree = "<group>";
		};
		B2A4ABD36C0F81E58D24460DF896DEEE = {
			isa = PBXGroup;
			children = (
				F032C7ABBAD95EF4EBA273DEC507CB85 /* BeaconKitSample */,
				698E0DE8851837A1DA97AFBC1D1F36BE /* BeaconKitSampleObjC */,
				C61AE58AA24ABC0D1E7B24393A1FF213 /* Beaconator */,
				BBAEE1D991FF80A39CCE7E7403152341 /* Products */,
				EE91D1C717F44383B2CAA076F59052A1 /* Base.xcconfig */,
				B2B32FE211DC0101B98924E4 /* Pods */,
				C8A108E4C6F2F4BC45083967 /* Frameworks */,
			);
			sourceTree = "<group>";
		};
		B2B32FE211DC0101B98924E4 /* Pods */ = {
			isa = PBXGroup;
			children = (
				813260B325E227830C43398F /* Pods-Common-iOS-BeaconKitSample.debug.xcconfig */,
				83F7CF88C3F45AB3FF0BB4F8 /* Pods-Common-iOS-BeaconKitSample.release.xcconfig */,
				E219E3ED95526C8A86401804 /* Pods-Common-iOS-BeaconKitSampleObjC.debug.xcconfig */,
				CA3AE273BD83E30A5B7CE0EF /* Pods-Common-iOS-BeaconKitSampleObjC.release.xcconfig */,
				165E6E970F5937835AE4BCBA /* Pods-Common-macOS-Beaconator.debug.xcconfig */,
				9793E64364A62C9FE4DCDF8C /* Pods-Common-macOS-Beaconator.release.xcconfig */,
			);
			name = Pods;
			sourceTree = "<group>";
		};
		BBAEE1D991FF80A39CCE7E7403152341 /* Products */ = {
			isa = PBXGroup;
			children = (
				35DAB0F1202FB13F863669624C41B39A /* BeaconKitSample.app */,
				32554F4869956D05379E0415EFB61AA6 /* BeaconKitSampleObjC.app */,
				C75B2FA2D389D0CD55D5E864D11BAA9A /* Beaconator.app */,
			);
			name = Products;
			sourceTree = "<group>";
		};
		C61AE58AA24ABC0D1E7B24393A1FF213 /* Beaconator */ = {
			isa = PBXGroup;
			children = (
				A3A1D8793D36CD078AAE5E1B2DEEA520 /* AppDelegate.swift */,
				FB44D5F1CE43D5F22C1603B68295D41C /* Assets.xcassets */,
				340281BCE3F232EE09953D7A290B75DE /* Beaconator.entitlements */,
				B9C314001FD02E417963E73949EFBC4A /* Info.plist */,
				9B1BFB8729693412184D696FE7A92CC9 /* Main.storyboard */,
				95640EFC2EBB0CBC3E15B072E2F85294 /* ViewController.swift */,
			);
			path = Beaconator;
			sourceTree = "<group>";
		};
		C8A108E4C6F2F4BC45083967 /* Frameworks */ = {
			isa = PBXGroup;
			children = (
				A59DEBC3482A099F30BE3DAF /* Pods_Common_iOS_BeaconKitSample.framework */,
				26FBB545395E6A3FE0CA3006 /* Pods_Common_iOS_BeaconKitSampleObjC.framework */,
				1EE48509AB7D4A7AE7C13AD5 /* Pods_Common_macOS_Beaconator.framework */,
			);
			name = Frameworks;
			sourceTree = "<group>";
		};
		F032C7ABBAD95EF4EBA273DEC507CB85 /* BeaconKitSample */ = {
			isa = PBXGroup;
			children = (
				8CD3252F492878F7107476B362CE666C /* AppDelegate.swift */,
				6C62ACC99E1E7108765E47F4A3D05467 /* Assets.xcassets */,
				8A74CAB46818993EF777F15BDE4CFA56 /* Info.plist */,
				803EFC6B427D20D4A61AD319FC4640AC /* LaunchScreen.storyboard */,
				BA337C630C2F1D92E182CE150373C090 /* Main.storyboard */,
				764776738EE523A5389C7EA7B1B6B923 /* ViewController.swift */,
			);
			path = BeaconKitSample;
			sourceTree = "<group>";
		};
/* End PBXGroup section */

/* Begin PBXNativeTarget section */
		98E02E1BFA7E94A50B3803B7D55A3F2E /* BeaconKitSampleObjC */ = {
			isa = PBXNativeTarget;
			buildConfigurationList = 91012B12BFB5F8C114389FF4C55903F7 /* Build configuration list for PBXNativeTarget "BeaconKitSampleObjC" */;
			buildPhases = (
				B3CB5B65F629365BFBDC010A /* [CP] Check Pods Manifest.lock */,
				76C68EF3AF46369E6E1E9D200FF7FC9B /* Sources */,
				188B6DB0F3808F5BCBA86453C4B73B1F /* Frameworks */,
				0890A0F936C5526C6C1ADD6AA9427E0F /* Resources */,
				18DA49705E3D6BA8EF6242CC /* [CP] Embed Pods Frameworks */,
				E40DA574FC208826B7C119E4 /* [CP] Copy Pods Resources */,
			);
			buildRules = (
			);
			dependencies = (
			);
			name = BeaconKitSampleObjC;
			productName = BeaconKitSampleObjC;
			productReference = 32554F4869956D05379E0415EFB61AA6 /* BeaconKitSampleObjC.app */;
			productType = "com.apple.product-type.application";
		};
		A7658B47289D07F834B3212AD97E1DEB /* Beaconator */ = {
			isa = PBXNativeTarget;
			buildConfigurationList = D8A81DE7FA31A0DFA2914F36AA41B7D4 /* Build configuration list for PBXNativeTarget "Beaconator" */;
			buildPhases = (
				831A3EC591A9D94A94872A2C /* [CP] Check Pods Manifest.lock */,
				B7FC88CB35EF468607F0BE467B92987A /* swiftlint */,
				1593B62DBDE29192B3BE888376167463 /* Sources */,
				C5C05CBFC704A222100AF02B494F49DA /* Frameworks */,
				8CE8CF0553243553D75697BE6DBA1E9D /* Resources */,
				892DA45A2B97F84F5265EC78 /* [CP] Embed Pods Frameworks */,
				ACC92704374E4D0AEF326070 /* [CP] Copy Pods Resources */,
			);
			buildRules = (
			);
			dependencies = (
			);
			name = Beaconator;
			productName = Beaconator;
			productReference = C75B2FA2D389D0CD55D5E864D11BAA9A /* Beaconator.app */;
			productType = "com.apple.product-type.application";
		};
		FE84EFB8B1425FC27E187E71878A58A2 /* BeaconKitSample */ = {
			isa = PBXNativeTarget;
			buildConfigurationList = C34870383A296EC7EA8565D4A6193953 /* Build configuration list for PBXNativeTarget "BeaconKitSample" */;
			buildPhases = (
				6B211E8B2A6C1B45BDB2A4C7 /* [CP] Check Pods Manifest.lock */,
				2E48F4767AF9EFE2773051868748A495 /* Swiftlint */,
				001F834704E8FD377ED1C0DD17194F34 /* Sources */,
				BE45C52CC371AA3CF2250EF59E143AD5 /* Frameworks */,
				4796D186B3C14B00435CFFDE7FA022F8 /* Resources */,
				739300A8372088C6B5EDC928 /* [CP] Embed Pods Frameworks */,
				927FEBBB1F618E978D3EAD58 /* [CP] Copy Pods Resources */,
			);
			buildRules = (
			);
			dependencies = (
			);
			name = BeaconKitSample;
			productName = BeaconKit;
			productReference = 35DAB0F1202FB13F863669624C41B39A /* BeaconKitSample.app */;
			productType = "com.apple.product-type.application";
		};
/* End PBXNativeTarget section */

/* Begin PBXProject section */
		7984DA31AAF87636ABF70713B1014203 /* Project object */ = {
			isa = PBXProject;
			attributes = {
				LastSwiftUpdateCheck = 0900;
				LastUpgradeCheck = 0830;
				TargetAttributes = {
					98E02E1BFA7E94A50B3803B7D55A3F2E = {
						CreatedOnToolsVersion = 9.0;
					};
					A7658B47289D07F834B3212AD97E1DEB = {
						CreatedOnToolsVersion = 9.0;
					};
					FE84EFB8B1425FC27E187E71878A58A2 = {
						CreatedOnToolsVersion = 8.3.1;
						DevelopmentTeam = B8V7K6U9ZU;
						ProvisioningStyle = Automatic;
						SystemCapabilities = {
							com.apple.BackgroundModes = {
								enabled = 1;
							};
						};
					};
				};
			};
			buildConfigurationList = D1103ABE4B1FF0C3EB0084E14F4971B3 /* Build configuration list for PBXProject "BeaconKit" */;
			compatibilityVersion = "Xcode 3.2";
			developmentRegion = English;
			hasScannedForEncodings = 0;
			knownRegions = (
				en,
				Base,
			);
			mainGroup = B2A4ABD36C0F81E58D24460DF896DEEE;
			productRefGroup = BBAEE1D991FF80A39CCE7E7403152341 /* Products */;
			projectDirPath = "";
			projectRoot = "";
			targets = (
				A7658B47289D07F834B3212AD97E1DEB /* Beaconator */,
				FE84EFB8B1425FC27E187E71878A58A2 /* BeaconKitSample */,
				98E02E1BFA7E94A50B3803B7D55A3F2E /* BeaconKitSampleObjC */,
			);
		};
/* End PBXProject section */

/* Begin PBXResourcesBuildPhase section */
		0890A0F936C5526C6C1ADD6AA9427E0F /* Resources */ = {
			isa = PBXResourcesBuildPhase;
			buildActionMask = 2147483647;
			files = (
				5E10C6BFC7CB5810DDA074B77AFB0A82 /* Assets.xcassets in Resources */,
				0FAF5913EF533EC7C0CDC103D4344C13 /* LaunchScreen.storyboard in Resources */,
				A7FA3147746CB49B512B29A04954C70E /* Main.storyboard in Resources */,
			);
			runOnlyForDeploymentPostprocessing = 0;
		};
		4796D186B3C14B00435CFFDE7FA022F8 /* Resources */ = {
			isa = PBXResourcesBuildPhase;
			buildActionMask = 2147483647;
			files = (
				69FD464351D5E1B6B87198103CFAD9D6 /* Assets.xcassets in Resources */,
				8CDCA5527EB9A56F9A1095C5B2DA502D /* LaunchScreen.storyboard in Resources */,
				1DF5DF7F36BC1435E15B02A8002467F9 /* Main.storyboard in Resources */,
			);
			runOnlyForDeploymentPostprocessing = 0;
		};
		8CE8CF0553243553D75697BE6DBA1E9D /* Resources */ = {
			isa = PBXResourcesBuildPhase;
			buildActionMask = 2147483647;
			files = (
				E8A705121930A428B499EDA9347FC263 /* Assets.xcassets in Resources */,
				251420086869E99FAD0911C8E7DFA907 /* Main.storyboard in Resources */,
			);
			runOnlyForDeploymentPostprocessing = 0;
		};
/* End PBXResourcesBuildPhase section */

/* Begin PBXShellScriptBuildPhase section */
		18DA49705E3D6BA8EF6242CC /* [CP] Embed Pods Frameworks */ = {
			isa = PBXShellScriptBuildPhase;
			buildActionMask = 2147483647;
			files = (
			);
			inputPaths = (
				"${SRCROOT}/Pods/Target Support Files/Pods-Common-iOS-BeaconKitSampleObjC/Pods-Common-iOS-BeaconKitSampleObjC-frameworks.sh",
				"${BUILT_PRODUCTS_DIR}/BeaconKit-iOS/BeaconKit.framework",
			);
			name = "[CP] Embed Pods Frameworks";
			outputPaths = (
				"${TARGET_BUILD_DIR}/${FRAMEWORKS_FOLDER_PATH}/BeaconKit.framework",
			);
			runOnlyForDeploymentPostprocessing = 0;
			shellPath = /bin/sh;
			shellScript = "\"${SRCROOT}/Pods/Target Support Files/Pods-Common-iOS-BeaconKitSampleObjC/Pods-Common-iOS-BeaconKitSampleObjC-frameworks.sh\"\n";
			showEnvVarsInLog = 0;
		};
		2E48F4767AF9EFE2773051868748A495 /* Swiftlint */ = {
			isa = PBXShellScriptBuildPhase;
			buildActionMask = 2147483647;
			files = (
			);
			inputPaths = (
			);
			name = Swiftlint;
			outputPaths = (
			);
			runOnlyForDeploymentPostprocessing = 0;
			shellPath = /bin/sh;
			shellScript = swiftlint;
		};
		6B211E8B2A6C1B45BDB2A4C7 /* [CP] Check Pods Manifest.lock */ = {
			isa = PBXShellScriptBuildPhase;
			buildActionMask = 2147483647;
			files = (
			);
			inputPaths = (
				"${PODS_PODFILE_DIR_PATH}/Podfile.lock",
				"${PODS_ROOT}/Manifest.lock",
			);
			name = "[CP] Check Pods Manifest.lock";
			outputPaths = (
				"$(DERIVED_FILE_DIR)/Pods-Common-iOS-BeaconKitSample-checkManifestLockResult.txt",
			);
			runOnlyForDeploymentPostprocessing = 0;
			shellPath = /bin/sh;
			shellScript = "diff \"${PODS_PODFILE_DIR_PATH}/Podfile.lock\" \"${PODS_ROOT}/Manifest.lock\" > /dev/null\nif [ $? != 0 ] ; then\n    # print error to STDERR\n    echo \"error: The sandbox is not in sync with the Podfile.lock. Run 'pod install' or update your CocoaPods installation.\" >&2\n    exit 1\nfi\n# This output is used by Xcode 'outputs' to avoid re-running this script phase.\necho \"SUCCESS\" > \"${SCRIPT_OUTPUT_FILE_0}\"\n";
			showEnvVarsInLog = 0;
		};
		739300A8372088C6B5EDC928 /* [CP] Embed Pods Frameworks */ = {
			isa = PBXShellScriptBuildPhase;
			buildActionMask = 2147483647;
			files = (
			);
			inputPaths = (
				"${SRCROOT}/Pods/Target Support Files/Pods-Common-iOS-BeaconKitSample/Pods-Common-iOS-BeaconKitSample-frameworks.sh",
				"${BUILT_PRODUCTS_DIR}/BeaconKit-iOS/BeaconKit.framework",
			);
			name = "[CP] Embed Pods Frameworks";
			outputPaths = (
				"${TARGET_BUILD_DIR}/${FRAMEWORKS_FOLDER_PATH}/BeaconKit.framework",
			);
			runOnlyForDeploymentPostprocessing = 0;
			shellPath = /bin/sh;
			shellScript = "\"${SRCROOT}/Pods/Target Support Files/Pods-Common-iOS-BeaconKitSample/Pods-Common-iOS-BeaconKitSample-frameworks.sh\"\n";
			showEnvVarsInLog = 0;
		};
		831A3EC591A9D94A94872A2C /* [CP] Check Pods Manifest.lock */ = {
			isa = PBXShellScriptBuildPhase;
			buildActionMask = 2147483647;
			files = (
			);
			inputPaths = (
				"${PODS_PODFILE_DIR_PATH}/Podfile.lock",
				"${PODS_ROOT}/Manifest.lock",
			);
			name = "[CP] Check Pods Manifest.lock";
			outputPaths = (
				"$(DERIVED_FILE_DIR)/Pods-Common-macOS-Beaconator-checkManifestLockResult.txt",
			);
			runOnlyForDeploymentPostprocessing = 0;
			shellPath = /bin/sh;
			shellScript = "diff \"${PODS_PODFILE_DIR_PATH}/Podfile.lock\" \"${PODS_ROOT}/Manifest.lock\" > /dev/null\nif [ $? != 0 ] ; then\n    # print error to STDERR\n    echo \"error: The sandbox is not in sync with the Podfile.lock. Run 'pod install' or update your CocoaPods installation.\" >&2\n    exit 1\nfi\n# This output is used by Xcode 'outputs' to avoid re-running this script phase.\necho \"SUCCESS\" > \"${SCRIPT_OUTPUT_FILE_0}\"\n";
			showEnvVarsInLog = 0;
		};
		892DA45A2B97F84F5265EC78 /* [CP] Embed Pods Frameworks */ = {
			isa = PBXShellScriptBuildPhase;
			buildActionMask = 2147483647;
			files = (
			);
			inputPaths = (
				"${SRCROOT}/Pods/Target Support Files/Pods-Common-macOS-Beaconator/Pods-Common-macOS-Beaconator-frameworks.sh",
				"${BUILT_PRODUCTS_DIR}/BeaconKit-macOS/BeaconKit.framework",
			);
			name = "[CP] Embed Pods Frameworks";
			outputPaths = (
				"${TARGET_BUILD_DIR}/${FRAMEWORKS_FOLDER_PATH}/BeaconKit.framework",
			);
			runOnlyForDeploymentPostprocessing = 0;
			shellPath = /bin/sh;
			shellScript = "\"${SRCROOT}/Pods/Target Support Files/Pods-Common-macOS-Beaconator/Pods-Common-macOS-Beaconator-frameworks.sh\"\n";
			showEnvVarsInLog = 0;
		};
		927FEBBB1F618E978D3EAD58 /* [CP] Copy Pods Resources */ = {
			isa = PBXShellScriptBuildPhase;
			buildActionMask = 2147483647;
			files = (
			);
			inputPaths = (
			);
			name = "[CP] Copy Pods Resources";
			outputPaths = (
			);
			runOnlyForDeploymentPostprocessing = 0;
			shellPath = /bin/sh;
			shellScript = "\"${SRCROOT}/Pods/Target Support Files/Pods-Common-iOS-BeaconKitSample/Pods-Common-iOS-BeaconKitSample-resources.sh\"\n";
			showEnvVarsInLog = 0;
		};
		ACC92704374E4D0AEF326070 /* [CP] Copy Pods Resources */ = {
			isa = PBXShellScriptBuildPhase;
			buildActionMask = 2147483647;
			files = (
			);
			inputPaths = (
			);
			name = "[CP] Copy Pods Resources";
			outputPaths = (
			);
			runOnlyForDeploymentPostprocessing = 0;
			shellPath = /bin/sh;
			shellScript = "\"${SRCROOT}/Pods/Target Support Files/Pods-Common-macOS-Beaconator/Pods-Common-macOS-Beaconator-resources.sh\"\n";
			showEnvVarsInLog = 0;
		};
		B3CB5B65F629365BFBDC010A /* [CP] Check Pods Manifest.lock */ = {
			isa = PBXShellScriptBuildPhase;
			buildActionMask = 2147483647;
			files = (
			);
			inputPaths = (
				"${PODS_PODFILE_DIR_PATH}/Podfile.lock",
				"${PODS_ROOT}/Manifest.lock",
			);
			name = "[CP] Check Pods Manifest.lock";
			outputPaths = (
				"$(DERIVED_FILE_DIR)/Pods-Common-iOS-BeaconKitSampleObjC-checkManifestLockResult.txt",
			);
			runOnlyForDeploymentPostprocessing = 0;
			shellPath = /bin/sh;
			shellScript = "diff \"${PODS_PODFILE_DIR_PATH}/Podfile.lock\" \"${PODS_ROOT}/Manifest.lock\" > /dev/null\nif [ $? != 0 ] ; then\n    # print error to STDERR\n    echo \"error: The sandbox is not in sync with the Podfile.lock. Run 'pod install' or update your CocoaPods installation.\" >&2\n    exit 1\nfi\n# This output is used by Xcode 'outputs' to avoid re-running this script phase.\necho \"SUCCESS\" > \"${SCRIPT_OUTPUT_FILE_0}\"\n";
			showEnvVarsInLog = 0;
		};
		B7FC88CB35EF468607F0BE467B92987A /* swiftlint */ = {
			isa = PBXShellScriptBuildPhase;
			buildActionMask = 2147483647;
			files = (
			);
			inputPaths = (
			);
			name = swiftlint;
			outputPaths = (
			);
			runOnlyForDeploymentPostprocessing = 0;
			shellPath = /bin/sh;
			shellScript = swiftlint;
		};
		E40DA574FC208826B7C119E4 /* [CP] Copy Pods Resources */ = {
			isa = PBXShellScriptBuildPhase;
			buildActionMask = 2147483647;
			files = (
			);
			inputPaths = (
			);
			name = "[CP] Copy Pods Resources";
			outputPaths = (
			);
			runOnlyForDeploymentPostprocessing = 0;
			shellPath = /bin/sh;
			shellScript = "\"${SRCROOT}/Pods/Target Support Files/Pods-Common-iOS-BeaconKitSampleObjC/Pods-Common-iOS-BeaconKitSampleObjC-resources.sh\"\n";
			showEnvVarsInLog = 0;
		};
/* End PBXShellScriptBuildPhase section */

/* Begin PBXSourcesBuildPhase section */
		001F834704E8FD377ED1C0DD17194F34 /* Sources */ = {
			isa = PBXSourcesBuildPhase;
			buildActionMask = 2147483647;
			files = (
				6C28A2C645745A3011400DC3B78C3ADC /* AppDelegate.swift in Sources */,
				31A885EF214D58766225A4789E2A1051 /* ViewController.swift in Sources */,
			);
			runOnlyForDeploymentPostprocessing = 0;
		};
		1593B62DBDE29192B3BE888376167463 /* Sources */ = {
			isa = PBXSourcesBuildPhase;
			buildActionMask = 2147483647;
			files = (
				9EC22D7E64565461AC2F2E357E9DE8AA /* AppDelegate.swift in Sources */,
				F11C668BEA6FAC42306319C877ED7FE3 /* ViewController.swift in Sources */,
			);
			runOnlyForDeploymentPostprocessing = 0;
		};
		76C68EF3AF46369E6E1E9D200FF7FC9B /* Sources */ = {
			isa = PBXSourcesBuildPhase;
			buildActionMask = 2147483647;
			files = (
				EBD476FFEEA8EFC067A6658DBE330331 /* AppDelegate.m in Sources */,
				924D836F6511794DE69AA51B931FA2ED /* ViewController.m in Sources */,
				7ECD182B19C5D2EB9057A1EB8AB76833 /* main.m in Sources */,
			);
			runOnlyForDeploymentPostprocessing = 0;
		};
/* End PBXSourcesBuildPhase section */

/* Begin PBXVariantGroup section */
		06BC091FEF3FBEC3CE4D5CF978F2FF2A /* Main.storyboard */ = {
			isa = PBXVariantGroup;
			children = (
				FB40718EBBA84234F7EBEC96F7B1C782 /* Base */,
			);
			name = Main.storyboard;
			sourceTree = "<group>";
		};
		255F3EFDFE70B9EB698EAC454421409E /* LaunchScreen.storyboard */ = {
			isa = PBXVariantGroup;
			children = (
				1EE402A5566579E9D6602C462B45A998 /* Base */,
			);
			name = LaunchScreen.storyboard;
			sourceTree = "<group>";
		};
		803EFC6B427D20D4A61AD319FC4640AC /* LaunchScreen.storyboard */ = {
			isa = PBXVariantGroup;
			children = (
				BF34AC40A7FA9135C4F850BBCD6788E3 /* Base */,
			);
			name = LaunchScreen.storyboard;
			sourceTree = "<group>";
		};
		9B1BFB8729693412184D696FE7A92CC9 /* Main.storyboard */ = {
			isa = PBXVariantGroup;
			children = (
				9DC5436E9B28550371ED0D711E80B32B /* Base */,
			);
			name = Main.storyboard;
			sourceTree = "<group>";
		};
		BA337C630C2F1D92E182CE150373C090 /* Main.storyboard */ = {
			isa = PBXVariantGroup;
			children = (
				9B01D00A8DA8F13EF17C2051E4DDF479 /* Base */,
			);
			name = Main.storyboard;
			sourceTree = "<group>";
		};
/* End PBXVariantGroup section */

/* Begin XCBuildConfiguration section */
		0DE2E0D509E1804D31FC1DADAA5F190B /* Release */ = {
			isa = XCBuildConfiguration;
			baseConfigurationReference = 83F7CF88C3F45AB3FF0BB4F8 /* Pods-Common-iOS-BeaconKitSample.release.xcconfig */;
			buildSettings = {
				ASSETCATALOG_COMPILER_APPICON_NAME = AppIcon;
				DEVELOPMENT_TEAM = B8V7K6U9ZU;
				INFOPLIST_FILE = "$(SRCROOT)/BeaconKitSample/Info.plist";
				IPHONEOS_DEPLOYMENT_TARGET = 9.0;
				LD_RUNPATH_SEARCH_PATHS = "$(inherited) @executable_path/Frameworks";
				PRODUCT_BUNDLE_IDENTIFIER = com.beaconkit.BeaconKitSample;
				PRODUCT_NAME = "$(TARGET_NAME)";
			};
			name = Release;
		};
		4EA6839BF9331E24EE8782E692726F59 /* Release */ = {
			isa = XCBuildConfiguration;
			baseConfigurationReference = EE91D1C717F44383B2CAA076F59052A1 /* Base.xcconfig */;
			buildSettings = {
				ALWAYS_SEARCH_USER_PATHS = NO;
				CLANG_ANALYZER_NONNULL = YES;
				CLANG_ANALYZER_NUMBER_OBJECT_CONVERSION = YES_AGGRESSIVE;
				CLANG_CXX_LANGUAGE_STANDARD = "gnu++0x";
				CLANG_CXX_LIBRARY = "libc++";
				CLANG_ENABLE_MODULES = YES;
				CLANG_ENABLE_OBJC_ARC = YES;
				CLANG_WARN_BOOL_CONVERSION = YES;
				CLANG_WARN_CONSTANT_CONVERSION = YES;
				CLANG_WARN_DIRECT_OBJC_ISA_USAGE = YES_ERROR;
				CLANG_WARN_DOCUMENTATION_COMMENTS = YES;
				CLANG_WARN_EMPTY_BODY = YES;
				CLANG_WARN_ENUM_CONVERSION = YES;
				CLANG_WARN_INFINITE_RECURSION = YES;
				CLANG_WARN_INT_CONVERSION = YES;
				CLANG_WARN_OBJC_ROOT_CLASS = YES_ERROR;
				CLANG_WARN_SUSPICIOUS_MOVE = YES;
				CLANG_WARN_UNREACHABLE_CODE = YES;
				CLANG_WARN__DUPLICATE_METHOD_MATCH = YES;
				"CODE_SIGN_IDENTITY[sdk=iphoneos*]" = "iPhone Developer";
				COPY_PHASE_STRIP = NO;
				DEBUG_INFORMATION_FORMAT = "dwarf-with-dsym";
				ENABLE_NS_ASSERTIONS = NO;
				ENABLE_STRICT_OBJC_MSGSEND = YES;
				GCC_C_LANGUAGE_STANDARD = gnu99;
				GCC_NO_COMMON_BLOCKS = YES;
				GCC_WARN_64_TO_32_BIT_CONVERSION = YES;
				GCC_WARN_ABOUT_RETURN_TYPE = YES_ERROR;
				GCC_WARN_UNDECLARED_SELECTOR = YES;
				GCC_WARN_UNINITIALIZED_AUTOS = YES_AGGRESSIVE;
				GCC_WARN_UNUSED_FUNCTION = YES;
				GCC_WARN_UNUSED_VARIABLE = YES;
				IPHONEOS_DEPLOYMENT_TARGET = 10.3;
				MTL_ENABLE_DEBUG_INFO = NO;
				SDKROOT = iphoneos;
				SWIFT_OPTIMIZATION_LEVEL = "-Owholemodule";
				TARGETED_DEVICE_FAMILY = "1,2";
				VALIDATE_PRODUCT = YES;
			};
			name = Release;
		};
		6559C0E1B04F8E7D6DE754CBEBFECA05 /* Release */ = {
			isa = XCBuildConfiguration;
			baseConfigurationReference = 9793E64364A62C9FE4DCDF8C /* Pods-Common-macOS-Beaconator.release.xcconfig */;
			buildSettings = {
				ASSETCATALOG_COMPILER_APPICON_NAME = AppIcon;
				CLANG_CXX_LANGUAGE_STANDARD = "gnu++14";
				CLANG_WARN_BLOCK_CAPTURE_AUTORELEASING = YES;
				CLANG_WARN_COMMA = YES;
				CLANG_WARN_NON_LITERAL_NULL_CONVERSION = YES;
				CLANG_WARN_OBJC_LITERAL_CONVERSION = YES;
				CLANG_WARN_RANGE_LOOP_ANALYSIS = YES;
				CLANG_WARN_STRICT_PROTOTYPES = YES;
				CLANG_WARN_UNGUARDED_AVAILABILITY = YES_AGGRESSIVE;
				CODE_SIGN_ENTITLEMENTS = Beaconator/Beaconator.entitlements;
				CODE_SIGN_IDENTITY = "";
				COMBINE_HIDPI_IMAGES = YES;
				GCC_C_LANGUAGE_STANDARD = gnu11;
				INFOPLIST_FILE = Beaconator/Info.plist;
				LD_RUNPATH_SEARCH_PATHS = "$(inherited) @executable_path/../Frameworks";
				MACOSX_DEPLOYMENT_TARGET = 10.12;
				PRODUCT_BUNDLE_IDENTIFIER = com.beaconkit.Beaconator;
				PRODUCT_NAME = "$(TARGET_NAME)";
				SDKROOT = macosx;
			};
			name = Release;
		};
		7A33ACE22C2C9A270371E9EB71D3F72B /* Debug */ = {
			isa = XCBuildConfiguration;
			baseConfigurationReference = EE91D1C717F44383B2CAA076F59052A1 /* Base.xcconfig */;
			buildSettings = {
				ALWAYS_SEARCH_USER_PATHS = NO;
				CLANG_ANALYZER_NONNULL = YES;
				CLANG_ANALYZER_NUMBER_OBJECT_CONVERSION = YES_AGGRESSIVE;
				CLANG_CXX_LANGUAGE_STANDARD = "gnu++0x";
				CLANG_CXX_LIBRARY = "libc++";
				CLANG_ENABLE_MODULES = YES;
				CLANG_ENABLE_OBJC_ARC = YES;
				CLANG_WARN_BOOL_CONVERSION = YES;
				CLANG_WARN_CONSTANT_CONVERSION = YES;
				CLANG_WARN_DIRECT_OBJC_ISA_USAGE = YES_ERROR;
				CLANG_WARN_DOCUMENTATION_COMMENTS = YES;
				CLANG_WARN_EMPTY_BODY = YES;
				CLANG_WARN_ENUM_CONVERSION = YES;
				CLANG_WARN_INFINITE_RECURSION = YES;
				CLANG_WARN_INT_CONVERSION = YES;
				CLANG_WARN_OBJC_ROOT_CLASS = YES_ERROR;
				CLANG_WARN_SUSPICIOUS_MOVE = YES;
				CLANG_WARN_UNREACHABLE_CODE = YES;
				CLANG_WARN__DUPLICATE_METHOD_MATCH = YES;
				"CODE_SIGN_IDENTITY[sdk=iphoneos*]" = "iPhone Developer";
				COPY_PHASE_STRIP = NO;
				DEBUG_INFORMATION_FORMAT = dwarf;
				ENABLE_STRICT_OBJC_MSGSEND = YES;
				ENABLE_TESTABILITY = YES;
				GCC_C_LANGUAGE_STANDARD = gnu99;
				GCC_DYNAMIC_NO_PIC = NO;
				GCC_NO_COMMON_BLOCKS = YES;
				GCC_OPTIMIZATION_LEVEL = 0;
				GCC_PREPROCESSOR_DEFINITIONS = (
					"DEBUG=1",
					"$(inherited)",
				);
				GCC_WARN_64_TO_32_BIT_CONVERSION = YES;
				GCC_WARN_ABOUT_RETURN_TYPE = YES_ERROR;
				GCC_WARN_UNDECLARED_SELECTOR = YES;
				GCC_WARN_UNINITIALIZED_AUTOS = YES_AGGRESSIVE;
				GCC_WARN_UNUSED_FUNCTION = YES;
				GCC_WARN_UNUSED_VARIABLE = YES;
				IPHONEOS_DEPLOYMENT_TARGET = 10.3;
				MTL_ENABLE_DEBUG_INFO = YES;
				ONLY_ACTIVE_ARCH = YES;
				SDKROOT = iphoneos;
				SWIFT_ACTIVE_COMPILATION_CONDITIONS = DEBUG;
				SWIFT_OPTIMIZATION_LEVEL = "-Onone";
				TARGETED_DEVICE_FAMILY = "1,2";
			};
			name = Debug;
		};
		82026429F430D26C0A04076ED9B25DD0 /* Debug */ = {
			isa = XCBuildConfiguration;
			baseConfigurationReference = E219E3ED95526C8A86401804 /* Pods-Common-iOS-BeaconKitSampleObjC.debug.xcconfig */;
			buildSettings = {
				ASSETCATALOG_COMPILER_APPICON_NAME = AppIcon;
				CLANG_CXX_LANGUAGE_STANDARD = "gnu++14";
				CLANG_WARN_BLOCK_CAPTURE_AUTORELEASING = YES;
				CLANG_WARN_COMMA = YES;
				CLANG_WARN_NON_LITERAL_NULL_CONVERSION = YES;
				CLANG_WARN_OBJC_LITERAL_CONVERSION = YES;
				CLANG_WARN_RANGE_LOOP_ANALYSIS = YES;
				CLANG_WARN_STRICT_PROTOTYPES = YES;
				CLANG_WARN_UNGUARDED_AVAILABILITY = YES_AGGRESSIVE;
				CODE_SIGN_IDENTITY = "iPhone Developer";
				DEVELOPMENT_TEAM = "";
				GCC_C_LANGUAGE_STANDARD = gnu11;
				INFOPLIST_FILE = BeaconKitSampleObjC/Info.plist;
				IPHONEOS_DEPLOYMENT_TARGET = 9.0;
				LD_RUNPATH_SEARCH_PATHS = "$(inherited) @executable_path/Frameworks";
				PRODUCT_BUNDLE_IDENTIFIER = com.beaconkit.BeaconKitSampleObjC;
				PRODUCT_NAME = "$(TARGET_NAME)";
				TARGETED_DEVICE_FAMILY = "1,2";
			};
			name = Debug;
		};
		8DD3F7F2ED978618245FB0D6995A527F /* Debug */ = {
			isa = XCBuildConfiguration;
			baseConfigurationReference = 165E6E970F5937835AE4BCBA /* Pods-Common-macOS-Beaconator.debug.xcconfig */;
			buildSettings = {
				ASSETCATALOG_COMPILER_APPICON_NAME = AppIcon;
				CLANG_CXX_LANGUAGE_STANDARD = "gnu++14";
				CLANG_WARN_BLOCK_CAPTURE_AUTORELEASING = YES;
				CLANG_WARN_COMMA = YES;
				CLANG_WARN_NON_LITERAL_NULL_CONVERSION = YES;
				CLANG_WARN_OBJC_LITERAL_CONVERSION = YES;
				CLANG_WARN_RANGE_LOOP_ANALYSIS = YES;
				CLANG_WARN_STRICT_PROTOTYPES = YES;
				CLANG_WARN_UNGUARDED_AVAILABILITY = YES_AGGRESSIVE;
				CODE_SIGN_ENTITLEMENTS = Beaconator/Beaconator.entitlements;
				CODE_SIGN_IDENTITY = "";
				COMBINE_HIDPI_IMAGES = YES;
				GCC_C_LANGUAGE_STANDARD = gnu11;
				INFOPLIST_FILE = Beaconator/Info.plist;
				LD_RUNPATH_SEARCH_PATHS = "$(inherited) @executable_path/../Frameworks";
				MACOSX_DEPLOYMENT_TARGET = 10.12;
				PRODUCT_BUNDLE_IDENTIFIER = com.beaconkit.Beaconator;
				PRODUCT_NAME = "$(TARGET_NAME)";
				SDKROOT = macosx;
			};
			name = Debug;
		};
		C247894CE620F7C915E4210E5E09891A /* Release */ = {
			isa = XCBuildConfiguration;
			baseConfigurationReference = CA3AE273BD83E30A5B7CE0EF /* Pods-Common-iOS-BeaconKitSampleObjC.release.xcconfig */;
			buildSettings = {
				ASSETCATALOG_COMPILER_APPICON_NAME = AppIcon;
				CLANG_CXX_LANGUAGE_STANDARD = "gnu++14";
				CLANG_WARN_BLOCK_CAPTURE_AUTORELEASING = YES;
				CLANG_WARN_COMMA = YES;
				CLANG_WARN_NON_LITERAL_NULL_CONVERSION = YES;
				CLANG_WARN_OBJC_LITERAL_CONVERSION = YES;
				CLANG_WARN_RANGE_LOOP_ANALYSIS = YES;
				CLANG_WARN_STRICT_PROTOTYPES = YES;
				CLANG_WARN_UNGUARDED_AVAILABILITY = YES_AGGRESSIVE;
				CODE_SIGN_IDENTITY = "iPhone Developer";
				DEVELOPMENT_TEAM = "";
				GCC_C_LANGUAGE_STANDARD = gnu11;
				INFOPLIST_FILE = BeaconKitSampleObjC/Info.plist;
				IPHONEOS_DEPLOYMENT_TARGET = 9.0;
				LD_RUNPATH_SEARCH_PATHS = "$(inherited) @executable_path/Frameworks";
				PRODUCT_BUNDLE_IDENTIFIER = com.beaconkit.BeaconKitSampleObjC;
				PRODUCT_NAME = "$(TARGET_NAME)";
				TARGETED_DEVICE_FAMILY = "1,2";
			};
			name = Release;
		};
		CD7C4471F9B9DCE0EEA64B25A14067C8 /* Debug */ = {
			isa = XCBuildConfiguration;
			baseConfigurationReference = 813260B325E227830C43398F /* Pods-Common-iOS-BeaconKitSample.debug.xcconfig */;
			buildSettings = {
				ASSETCATALOG_COMPILER_APPICON_NAME = AppIcon;
				DEVELOPMENT_TEAM = B8V7K6U9ZU;
				INFOPLIST_FILE = "$(SRCROOT)/BeaconKitSample/Info.plist";
				IPHONEOS_DEPLOYMENT_TARGET = 9.0;
				LD_RUNPATH_SEARCH_PATHS = "$(inherited) @executable_path/Frameworks";
				PRODUCT_BUNDLE_IDENTIFIER = com.beaconkit.BeaconKitSample;
				PRODUCT_NAME = "$(TARGET_NAME)";
			};
			name = Debug;
		};
/* End XCBuildConfiguration section */

/* Begin XCConfigurationList section */
		91012B12BFB5F8C114389FF4C55903F7 /* Build configuration list for PBXNativeTarget "BeaconKitSampleObjC" */ = {
			isa = XCConfigurationList;
			buildConfigurations = (
				82026429F430D26C0A04076ED9B25DD0 /* Debug */,
				C247894CE620F7C915E4210E5E09891A /* Release */,
			);
			defaultConfigurationIsVisible = 0;
			defaultConfigurationName = Release;
		};
		C34870383A296EC7EA8565D4A6193953 /* Build configuration list for PBXNativeTarget "BeaconKitSample" */ = {
			isa = XCConfigurationList;
			buildConfigurations = (
				CD7C4471F9B9DCE0EEA64B25A14067C8 /* Debug */,
				0DE2E0D509E1804D31FC1DADAA5F190B /* Release */,
			);
			defaultConfigurationIsVisible = 0;
			defaultConfigurationName = Release;
		};
		D1103ABE4B1FF0C3EB0084E14F4971B3 /* Build configuration list for PBXProject "BeaconKit" */ = {
			isa = XCConfigurationList;
			buildConfigurations = (
				7A33ACE22C2C9A270371E9EB71D3F72B /* Debug */,
				4EA6839BF9331E24EE8782E692726F59 /* Release */,
			);
			defaultConfigurationIsVisible = 0;
			defaultConfigurationName = Release;
		};
		D8A81DE7FA31A0DFA2914F36AA41B7D4 /* Build configuration list for PBXNativeTarget "Beaconator" */ = {
			isa = XCConfigurationList;
			buildConfigurations = (
				8DD3F7F2ED978618245FB0D6995A527F /* Debug */,
				6559C0E1B04F8E7D6DE754CBEBFECA05 /* Release */,
			);
			defaultConfigurationIsVisible = 0;
			defaultConfigurationName = Release;
		};
/* End XCConfigurationList section */
	};
	rootObject = 7984DA31AAF87636ABF70713B1014203 /* Project object */;
}
